{
  "nodes": {
    "claude-code": {
      "inputs": {
        "nixpkgs": [
          "nixpkgs"
        ]
      },
      "locked": {
        "lastModified": 1784333767,
        "narHash": "sha256-TTHwqkxO/+6fY85+OEzlXA/TEmh9LcrosA+3hmY9OJk=",
        "owner": "ryoppippi",
        "repo": "nix-claude-code",
        "rev": "1282d90d5825173e3b9654cff566134691c75737",
        "type": "github"
      },
      "original": {
        "owner": "ryoppippi",
        "repo": "nix-claude-code",
        "type": "github"
      }
    },
    "nixpkgs": {
      "locked": {
        "lastModified": 1784280462,
        "narHash": "sha256-DtoqIqM7VkR6NxAkcLpMwmi02USwWb3JdmNGLyhthc0=",
        "owner": "nixos",
        "repo": "nixpkgs",
        "rev": "293d6abedf0478e681a4dfcfcb35b30fc796a32f",
        "type": "github"
      },
      "original": {
        "owner": "nixos",
        "ref": "nixos-26.05",
        "repo": "nixpkgs",
        "type": "github"
      }
    },
    "root": {
      "inputs": {
        "claude-code": "claude-code",
        "nixpkgs": "nixpkgs",
        "treefmt-nix": "treefmt-nix"
      }
    },
    "treefmt-nix": {
      "inputs": {
        "nixpkgs": [
          "nixpkgs"
        ]
      },
      "locked": {
        "lastModified": 1784369104,
        "narHash": "sha256-47cxbcZODibHv3rELFQ9vZly0vUNkND/atn/U7HLeb0=",
        "owner": "numtide",
        "repo": "treefmt-nix",
        "rev": "df3c0640565d04a0261253cdd89fce78ec50168a",
        "type": "github"
      },
      "original": {
        "owner": "numtide",
        "repo": "treefmt-nix",
        "type": "github"
      }
    }
  },
  "root": "root",
  "version": 7
}
