{
  "nodes": {
    "claude-code": {
      "inputs": {
        "nixpkgs": [
          "nixpkgs"
        ]
      },
      "locked": {
        "lastModified": 1790276512,
        "narHash": "sha256-yk+bPBJmMfAYPsYrtC/auyDsz0zde9p4Uei0N2gR9g8=",
        "owner": "ryoppippi",
        "repo": "nix-claude-code",
        "rev": "c7b0988d682aea9de2d91d76a4dab8ae3fe2ed81",
        "type": "github"
      },
      "original": {
        "owner": "ryoppippi",
        "repo": "nix-claude-code",
        "type": "github"
      }
    },
    "nixpkgs": {
      "locked": {
        "lastModified": 1790218706,
        "narHash": "sha256-6e4Na3z008XpdVyOXgfasXIn1aN+z8AXFG+jXdQSyuI=",
        "owner": "nixos",
        "repo": "nixpkgs",
        "rev": "c508844df6c28fa6dabc1b6af70f3ccbd65c5201",
        "type": "github"
      },
      "original": {
        "owner": "nixos",
        "ref": "nixos-26.05",
        "repo": "nixpkgs",
        "type": "github"
      }
    },
    "root": {
      "inputs": {
        "claude-code": "claude-code",
        "nixpkgs": "nixpkgs",
        "treefmt-nix": "treefmt-nix"
      }
    },
    "treefmt-nix": {
      "inputs": {
        "nixpkgs": [
          "nixpkgs"
        ]
      },
      "locked": {
        "lastModified": 1786901030,
        "narHash": "sha256-WSFCsDSE5ffgD2MqzkM2CYjeFiKhRF/dJUN8uedb6YE=",
        "owner": "numtide",
        "repo": "treefmt-nix",
        "rev": "27b3b12a8e6375f28ebe122f07d230ca5459bbfa",
        "type": "github"
      },
      "original": {
        "owner": "numtide",
        "repo": "treefmt-nix",
        "type": "github"
      }
    }
  },
  "root": "root",
  "version": 7
}
